PODS:
  - AFNetworking (3.2.1):
    - AFNetworking/NSURLSession (= 3.2.1)
    - AFNetworking/Reachability (= 3.2.1)
    - AFNetworking/Security (= 3.2.1)
    - AFNetworking/Serialization (= 3.2.1)
    - AFNetworking/UIKit (= 3.2.1)
  - AFNetworking/NSURLSession (3.2.1):
    - AFNetworking/Reachability
    - AFNetworking/Security
    - AFNetworking/Serialization
  - AFNetworking/Reachability (3.2.1)
  - AFNetworking/Security (3.2.1)
  - AFNetworking/Serialization (3.2.1)
  - AFNetworking/UIKit (3.2.1):
    - AFNetworking/NSURLSession
  - AppsFlyerFramework (4.9.0)
  - Bolts (1.9.0):
    - Bolts/AppLinks (= 1.9.0)
    - Bolts/Tasks (= 1.9.0)
  - Bolts/AppLinks (1.9.0):
    - Bolts/Tasks
  - Bolts/Tasks (1.9.0)
  - CocoaLumberjack (3.2.1):
    - CocoaLumberjack/Default (= 3.2.1)
    - CocoaLumberjack/Extensions (= 3.2.1)
  - CocoaLumberjack/Default (3.2.1)
  - CocoaLumberjack/Extensions (3.2.1):
    - CocoaLumberjack/Default
  - Crashlytics (3.12.0):
    - Fabric (~> 1.9.0)
  - Fabric (1.9.0)
  - FBSDKCoreKit (4.41.0):
    - Bolts (~> 1.9)
  - FBSDKLoginKit (4.41.0):
    - FBSDKCoreKit
  - FBSDKShareKit (4.41.0):
    - FBSDKCoreKit
  - GoogleMobileVision/Detector (1.5.0):
    - GoogleToolboxForMac/Logger (~> 2.1)
    - "GoogleToolboxForMac/NSData+zlib (~> 2.1)"
    - GTMSessionFetcher/Core (~> 1.1)
    - Protobuf (~> 3.1)
  - GoogleMobileVision/FaceDetector (1.5.0):
    - GoogleMobileVision/Detector (~> 1.5)
  - GoogleToolboxForMac/Defines (2.2.0)
  - GoogleToolboxForMac/Logger (2.2.0):
    - GoogleToolboxForMac/Defines (= 2.2.0)
  - "GoogleToolboxForMac/NSData+zlib (2.2.0)":
    - GoogleToolboxForMac/Defines (= 2.2.0)
  - GTMSessionFetcher/Core (1.2.1)
  - lottie-ios (2.5.3)
  - Masonry (1.1.0)
  - MBProgressHUD (1.1.0)
  - MJRefresh (3.1.15.7)
  - Protobuf (3.7.0)
  - SocketRocket (0.5.1)
  - SSZipArchive (2.1.4)
  - STPopup (1.8.5)
  - UICKeyChainStore (2.1.2)
  - YYCache (1.0.4)
  - YYImage (1.0.4):
    - YYImage/Core (= 1.0.4)
  - YYImage/Core (1.0.4)
  - YYWebImage (1.0.5):
    - YYCache
    - YYImage

DEPENDENCIES:
  - AFNetworking
  - AppsFlyerFramework
  - Bolts
  - CocoaLumberjack (~> 3.2.1)
  - Crashlytics
  - Fabric
  - FBSDKCoreKit
  - FBSDKLoginKit
  - FBSDKShareKit
  - GoogleMobileVision/FaceDetector
  - lottie-ios (~> 2.5.3)
  - Masonry (~> 1.1.0)
  - MBProgressHUD
  - MJRefresh
  - SocketRocket
  - SSZipArchive
  - STPopup
  - UICKeyChainStore
  - YYImage
  - YYWebImage

SPEC REPOS:
  https://github.com/cocoapods/specs.git:
    - AFNetworking
    - AppsFlyerFramework
    - Bolts
    - CocoaLumberjack
    - Crashlytics
    - Fabric
    - FBSDKCoreKit
    - FBSDKLoginKit
    - FBSDKShareKit
    - GoogleMobileVision
    - GoogleToolboxForMac
    - GTMSessionFetcher
    - lottie-ios
    - Masonry
    - MBProgressHUD
    - MJRefresh
    - Protobuf
    - SocketRocket
    - SSZipArchive
    - STPopup
    - UICKeyChainStore
    - YYCache
    - YYImage
    - YYWebImage

SPEC CHECKSUMS:
  AFNetworking: b6f891fdfaed196b46c7a83cf209e09697b94057
  AppsFlyerFramework: f57e5d590ad3124d3e594a76032a181bc91ec6cd
  Bolts: ac6567323eac61e203f6a9763667d0f711be34c8
  CocoaLumberjack: 2800c03334042fe80589423c8d80e582dcaec482
  Crashlytics: 07fb167b1694128c1c9a5a5cc319b0e9c3ca0933
  Fabric: f988e33c97f08930a413e08123064d2e5f68d655
  FBSDKCoreKit: 974810fe3806173f3777c68062fa8ed6fa59b59d
  FBSDKLoginKit: 159a5c2eebe6a0774c3b128f5085128679233d2b
  FBSDKShareKit: 79dfd0c51f1a241f33e219fcc39e7cc69534b900
  GoogleMobileVision: a1f93108b3527d67339e2de80e1db76645f9e8b9
  GoogleToolboxForMac: ff31605b7d66400dcec09bed5861689aebadda4d
  GTMSessionFetcher: 32aeca0aa144acea523e1c8e053089dec2cb98ca
  lottie-ios: a50d5c0160425cd4b01b852bb9578963e6d92d31
  Masonry: 678fab65091a9290e40e2832a55e7ab731aad201
  MBProgressHUD: e7baa36a220447d8aeb12769bf0585582f3866d9
  MJRefresh: 697f8ec75ebdbe9207767bb682cf0f51b0d8a41f
  Protobuf: 7a877b7f3e5964e3fce995e2eb323dbc6831bb5a
  SocketRocket: d57c7159b83c3c6655745cd15302aa24b6bae531
  SSZipArchive: 41455d4b8d2b6ab93990820b50dc697c2554a322
  STPopup: e6c774bf66ec289bb0883ead46e7501a50f15ed5
  UICKeyChainStore: 85db518bb1d294366d15ec9b92a416c4e670518f
  YYCache: 8105b6638f5e849296c71f331ff83891a4942952
  YYImage: 1e1b62a9997399593e4b9c4ecfbbabbf1d3f3b54
  YYWebImage: 5f7f36aee2ae293f016d418c7d6ba05c4863e928

PODFILE CHECKSUM: 970e2016277ac74c68345c1c2688cb4bf2c01487

COCOAPODS: 1.6.1
